PODS:
  - Nimble (9.2.0)
  - SwiftLint (0.43.1)

DEPENDENCIES:
  - Nimble
  - SwiftLint

SPEC REPOS:
  trunk:
    - Nimble
    - SwiftLint

SPEC CHECKSUMS:
  Nimble: 4f4a345c80b503b3ea13606a4f98405974ee4d0b
  SwiftLint: 99f82d07b837b942dd563c668de129a03fc3fb52

PODFILE CHECKSUM: ab2bffa63acba04521c87e1ee6a269696be2ab7b

COCOAPODS: 1.11.0
