// !$*UTF8*$!
{
	archiveVersion = 1;
	classes = {
	};
	objectVersion = 52;
	objects = {

/* Begin PBXBuildFile section */
		1C73448E8EC567AE61B99FB4 /* Pods_AirKit.framework in Frameworks */ = {isa = PBXBuildFile; fileRef = EFAA5D66C87E805C883C3607 /* Pods_AirKit.framework */; };
		5B510BFC26F24AB200C21CDF /* AirKit.h in Headers */ = {isa = PBXBuildFile; fileRef = 5B510BFA26F24AB200C21CDF /* AirKit.h */; settings = {ATTRIBUTES = (Public, ); }; };
		5B510C3B26F24D1000C21CDF /* AirKit.framework in Frameworks */ = {isa = PBXBuildFile; fileRef = 5B510BF726F24AB200C21CDF /* AirKit.framework */; platformFilter = ios; };
		5B9BAFCD26F77B1D00731991 /* BinaryInteger+AirKit.swift in Sources */ = {isa = PBXBuildFile; fileRef = 5B9BAFCC26F77B1D00731991 /* BinaryInteger+AirKit.swift */; };
		5B9BAFCF26F77BC000731991 /* BinaryFloatingPoint+AirKit.swift in Sources */ = {isa = PBXBuildFile; fileRef = 5B9BAFCE26F77BC000731991 /* BinaryFloatingPoint+AirKit.swift */; };
		5B9BAFD126F77DD300731991 /* StringProtocol+AirKit.swift in Sources */ = {isa = PBXBuildFile; fileRef = 5B9BAFD026F77DD300731991 /* StringProtocol+AirKit.swift */; };
		5B9BAFD326F780E100731991 /* Bool+AirKit.swift in Sources */ = {isa = PBXBuildFile; fileRef = 5B9BAFD226F780E100731991 /* Bool+AirKit.swift */; };
		5B9BAFD726F7881D00731991 /* README.md in Resources */ = {isa = PBXBuildFile; fileRef = 5B9BAFD626F7881D00731991 /* README.md */; };
		5B9BAFD926F7888E00731991 /* FEATURES.md in Resources */ = {isa = PBXBuildFile; fileRef = 5B9BAFD826F7888E00731991 /* FEATURES.md */; };
		5BBB16B426F6237F0094B14C /* NumberConvertible.swift in Sources */ = {isa = PBXBuildFile; fileRef = 5BBB16B326F6237F0094B14C /* NumberConvertible.swift */; };
		5BBB16BD26F627500094B14C /* ConvertibleTests.swift in Sources */ = {isa = PBXBuildFile; fileRef = 5BBB16BC26F627500094B14C /* ConvertibleTests.swift */; };
		F049FAF6647ABD222FBD4248 /* Pods_AirKit_AirKitTests.framework in Frameworks */ = {isa = PBXBuildFile; fileRef = C874277E2338F158395124FC /* Pods_AirKit_AirKitTests.framework */; };
/* End PBXBuildFile section */

/* Begin PBXContainerItemProxy section */
		5B510C3C26F24D1000C21CDF /* PBXContainerItemProxy */ = {
			isa = PBXContainerItemProxy;
			containerPortal = 5B510BEE26F24AB200C21CDF /* Project object */;
			proxyType = 1;
			remoteGlobalIDString = 5B510BF626F24AB200C21CDF;
			remoteInfo = AirKit;
		};
/* End PBXContainerItemProxy section */

/* Begin PBXFileReference section */
		564726D0B2BCFA15FE767401 /* Pods-AirKit-AirKitTests.debug.xcconfig */ = {isa = PBXFileReference; includeInIndex = 1; lastKnownFileType = text.xcconfig; name = "Pods-AirKit-AirKitTests.debug.xcconfig"; path = "Target Support Files/Pods-AirKit-AirKitTests/Pods-AirKit-AirKitTests.debug.xcconfig"; sourceTree = "<group>"; };
		5B510BF726F24AB200C21CDF /* AirKit.framework */ = {isa = PBXFileReference; explicitFileType = wrapper.framework; includeInIndex = 0; path = AirKit.framework; sourceTree = BUILT_PRODUCTS_DIR; };
		5B510BFA26F24AB200C21CDF /* AirKit.h */ = {isa = PBXFileReference; lastKnownFileType = sourcecode.c.h; path = AirKit.h; sourceTree = "<group>"; };
		5B510BFB26F24AB200C21CDF /* Info.plist */ = {isa = PBXFileReference; lastKnownFileType = text.plist.xml; path = Info.plist; sourceTree = "<group>"; };
		5B510C3626F24D1000C21CDF /* AirKitTests.xctest */ = {isa = PBXFileReference; explicitFileType = wrapper.cfbundle; includeInIndex = 0; path = AirKitTests.xctest; sourceTree = BUILT_PRODUCTS_DIR; };
		5B510C3A26F24D1000C21CDF /* Info.plist */ = {isa = PBXFileReference; lastKnownFileType = text.plist.xml; path = Info.plist; sourceTree = "<group>"; };
		5B9BAFCC26F77B1D00731991 /* BinaryInteger+AirKit.swift */ = {isa = PBXFileReference; lastKnownFileType = sourcecode.swift; path = "BinaryInteger+AirKit.swift"; sourceTree = "<group>"; };
		5B9BAFCE26F77BC000731991 /* BinaryFloatingPoint+AirKit.swift */ = {isa = PBXFileReference; lastKnownFileType = sourcecode.swift; path = "BinaryFloatingPoint+AirKit.swift"; sourceTree = "<group>"; };
		5B9BAFD026F77DD300731991 /* StringProtocol+AirKit.swift */ = {isa = PBXFileReference; lastKnownFileType = sourcecode.swift; path = "StringProtocol+AirKit.swift"; sourceTree = "<group>"; };
		5B9BAFD226F780E100731991 /* Bool+AirKit.swift */ = {isa = PBXFileReference; lastKnownFileType = sourcecode.swift; path = "Bool+AirKit.swift"; sourceTree = "<group>"; };
		5B9BAFD426F787E000731991 /* README.md */ = {isa = PBXFileReference; lastKnownFileType = net.daringfireball.markdown; path = README.md; sourceTree = "<group>"; };
		5B9BAFD526F787EC00731991 /* README.md */ = {isa = PBXFileReference; lastKnownFileType = net.daringfireball.markdown; path = README.md; sourceTree = "<group>"; };
		5B9BAFD626F7881D00731991 /* README.md */ = {isa = PBXFileReference; fileEncoding = 4; lastKnownFileType = net.daringfireball.markdown; path = README.md; sourceTree = "<group>"; };
		5B9BAFD826F7888E00731991 /* FEATURES.md */ = {isa = PBXFileReference; fileEncoding = 4; lastKnownFileType = net.daringfireball.markdown; path = FEATURES.md; sourceTree = "<group>"; };
		5BBB16B326F6237F0094B14C /* NumberConvertible.swift */ = {isa = PBXFileReference; lastKnownFileType = sourcecode.swift; path = NumberConvertible.swift; sourceTree = "<group>"; };
		5BBB16BC26F627500094B14C /* ConvertibleTests.swift */ = {isa = PBXFileReference; lastKnownFileType = sourcecode.swift; path = ConvertibleTests.swift; sourceTree = "<group>"; };
		5BBB16C026F6308E0094B14C /* AirKit.playground */ = {isa = PBXFileReference; lastKnownFileType = file.playground; path = AirKit.playground; sourceTree = "<group>"; xcLanguageSpecificationIdentifier = xcode.lang.swift; };
		75FFCBD7E17A593605B4966B /* Pods-AirKit.release.xcconfig */ = {isa = PBXFileReference; includeInIndex = 1; lastKnownFileType = text.xcconfig; name = "Pods-AirKit.release.xcconfig"; path = "Target Support Files/Pods-AirKit/Pods-AirKit.release.xcconfig"; sourceTree = "<group>"; };
		88AACB6A23D4B0F12C0B1DB5 /* Pods-AirKit-AirKitTests.release.xcconfig */ = {isa = PBXFileReference; includeInIndex = 1; lastKnownFileType = text.xcconfig; name = "Pods-AirKit-AirKitTests.release.xcconfig"; path = "Target Support Files/Pods-AirKit-AirKitTests/Pods-AirKit-AirKitTests.release.xcconfig"; sourceTree = "<group>"; };
		B38215B199B3343854B53902 /* Pods-AirKit.debug.xcconfig */ = {isa = PBXFileReference; includeInIndex = 1; lastKnownFileType = text.xcconfig; name = "Pods-AirKit.debug.xcconfig"; path = "Target Support Files/Pods-AirKit/Pods-AirKit.debug.xcconfig"; sourceTree = "<group>"; };
		C874277E2338F158395124FC /* Pods_AirKit_AirKitTests.framework */ = {isa = PBXFileReference; explicitFileType = wrapper.framework; includeInIndex = 0; path = Pods_AirKit_AirKitTests.framework; sourceTree = BUILT_PRODUCTS_DIR; };
		EFAA5D66C87E805C883C3607 /* Pods_AirKit.framework */ = {isa = PBXFileReference; explicitFileType = wrapper.framework; includeInIndex = 0; path = Pods_AirKit.framework; sourceTree = BUILT_PRODUCTS_DIR; };
/* End PBXFileReference section */

/* Begin PBXFrameworksBuildPhase section */
		5B510BF426F24AB200C21CDF /* Frameworks */ = {
			isa = PBXFrameworksBuildPhase;
			buildActionMask = 2147483647;
			files = (
				1C73448E8EC567AE61B99FB4 /* Pods_AirKit.framework in Frameworks */,
			);
			runOnlyForDeploymentPostprocessing = 0;
		};
		5B510C3326F24D1000C21CDF /* Frameworks */ = {
			isa = PBXFrameworksBuildPhase;
			buildActionMask = 2147483647;
			files = (
				5B510C3B26F24D1000C21CDF /* AirKit.framework in Frameworks */,
				F049FAF6647ABD222FBD4248 /* Pods_AirKit_AirKitTests.framework in Frameworks */,
			);
			runOnlyForDeploymentPostprocessing = 0;
		};
/* End PBXFrameworksBuildPhase section */

/* Begin PBXGroup section */
		1A018D74961DD9008B1A0F15 /* Frameworks */ = {
			isa = PBXGroup;
			children = (
				EFAA5D66C87E805C883C3607 /* Pods_AirKit.framework */,
				C874277E2338F158395124FC /* Pods_AirKit_AirKitTests.framework */,
			);
			name = Frameworks;
			sourceTree = "<group>";
		};
		5B510BED26F24AB200C21CDF = {
			isa = PBXGroup;
			children = (
				5B9BAFD626F7881D00731991 /* README.md */,
				5B9BAFD826F7888E00731991 /* FEATURES.md */,
				5BBB16C026F6308E0094B14C /* AirKit.playground */,
				5B510BF926F24AB200C21CDF /* AirKit */,
				5B510C3726F24D1000C21CDF /* AirKitTests */,
				5B510BF826F24AB200C21CDF /* Products */,
				89F1D4298D115DE9B9B56554 /* Pods */,
				1A018D74961DD9008B1A0F15 /* Frameworks */,
			);
			sourceTree = "<group>";
		};
		5B510BF826F24AB200C21CDF /* Products */ = {
			isa = PBXGroup;
			children = (
				5B510BF726F24AB200C21CDF /* AirKit.framework */,
				5B510C3626F24D1000C21CDF /* AirKitTests.xctest */,
			);
			name = Products;
			sourceTree = "<group>";
		};
		5B510BF926F24AB200C21CDF /* AirKit */ = {
			isa = PBXGroup;
			children = (
				5B510BFA26F24AB200C21CDF /* AirKit.h */,
				5B9BAFD526F787EC00731991 /* README.md */,
				5B510C0226F24B0E00C21CDF /* Source */,
				5B510BFB26F24AB200C21CDF /* Info.plist */,
			);
			path = AirKit;
			sourceTree = "<group>";
		};
		5B510C0226F24B0E00C21CDF /* Source */ = {
			isa = PBXGroup;
			children = (
				5BBB16B526F625040094B14C /* Swift */,
			);
			path = Source;
			sourceTree = "<group>";
		};
		5B510C3726F24D1000C21CDF /* AirKitTests */ = {
			isa = PBXGroup;
			children = (
				5B510C4126F24EEB00C21CDF /* Source */,
				5B510C3A26F24D1000C21CDF /* Info.plist */,
			);
			path = AirKitTests;
			sourceTree = "<group>";
		};
		5B510C4126F24EEB00C21CDF /* Source */ = {
			isa = PBXGroup;
			children = (
				5BBB16BA26F6270F0094B14C /* Swift */,
			);
			path = Source;
			sourceTree = "<group>";
		};
		5BBB16B526F625040094B14C /* Swift */ = {
			isa = PBXGroup;
			children = (
				5B9BAFD426F787E000731991 /* README.md */,
				5B9BAFCC26F77B1D00731991 /* BinaryInteger+AirKit.swift */,
				5B9BAFCE26F77BC000731991 /* BinaryFloatingPoint+AirKit.swift */,
				5B9BAFD026F77DD300731991 /* StringProtocol+AirKit.swift */,
				5B9BAFD226F780E100731991 /* Bool+AirKit.swift */,
				5BBB16B726F626770094B14C /* Protocols */,
			);
			path = Swift;
			sourceTree = "<group>";
		};
		5BBB16B726F626770094B14C /* Protocols */ = {
			isa = PBXGroup;
			children = (
				5BBB16B326F6237F0094B14C /* NumberConvertible.swift */,
			);
			path = Protocols;
			sourceTree = "<group>";
		};
		5BBB16BA26F6270F0094B14C /* Swift */ = {
			isa = PBXGroup;
			children = (
				5BBB16BC26F627500094B14C /* ConvertibleTests.swift */,
			);
			path = Swift;
			sourceTree = "<group>";
		};
		89F1D4298D115DE9B9B56554 /* Pods */ = {
			isa = PBXGroup;
			children = (
				B38215B199B3343854B53902 /* Pods-AirKit.debug.xcconfig */,
				75FFCBD7E17A593605B4966B /* Pods-AirKit.release.xcconfig */,
				564726D0B2BCFA15FE767401 /* Pods-AirKit-AirKitTests.debug.xcconfig */,
				88AACB6A23D4B0F12C0B1DB5 /* Pods-AirKit-AirKitTests.release.xcconfig */,
			);
			path = Pods;
			sourceTree = "<group>";
		};
/* End PBXGroup section */

/* Begin PBXHeadersBuildPhase section */
		5B510BF226F24AB200C21CDF /* Headers */ = {
			isa = PBXHeadersBuildPhase;
			buildActionMask = 2147483647;
			files = (
				5B510BFC26F24AB200C21CDF /* AirKit.h in Headers */,
			);
			runOnlyForDeploymentPostprocessing = 0;
		};
/* End PBXHeadersBuildPhase section */

/* Begin PBXNativeTarget section */
		5B510BF626F24AB200C21CDF /* AirKit */ = {
			isa = PBXNativeTarget;
			buildConfigurationList = 5B510BFF26F24AB200C21CDF /* Build configuration list for PBXNativeTarget "AirKit" */;
			buildPhases = (
				8B36DBA515965C98FBEFE4AF /* [CP] Check Pods Manifest.lock */,
				5B510BF226F24AB200C21CDF /* Headers */,
				5B510BF326F24AB200C21CDF /* Sources */,
				5BBB16B626F625FC0094B14C /* [SwiftLint] Run */,
				5B510BF426F24AB200C21CDF /* Frameworks */,
				5B510BF526F24AB200C21CDF /* Resources */,
			);
			buildRules = (
			);
			dependencies = (
			);
			name = AirKit;
			productName = AirKit;
			productReference = 5B510BF726F24AB200C21CDF /* AirKit.framework */;
			productType = "com.apple.product-type.framework";
		};
		5B510C3526F24D1000C21CDF /* AirKitTests */ = {
			isa = PBXNativeTarget;
			buildConfigurationList = 5B510C3E26F24D1000C21CDF /* Build configuration list for PBXNativeTarget "AirKitTests" */;
			buildPhases = (
				351EE97472B20166093ECF89 /* [CP] Check Pods Manifest.lock */,
				5B510C3226F24D1000C21CDF /* Sources */,
				5B510C3326F24D1000C21CDF /* Frameworks */,
				5B510C3426F24D1000C21CDF /* Resources */,
				6E9C606A5A7213A480C4AF9C /* [CP] Embed Pods Frameworks */,
			);
			buildRules = (
			);
			dependencies = (
				5B510C3D26F24D1000C21CDF /* PBXTargetDependency */,
			);
			name = AirKitTests;
			productName = AirKitTests;
			productReference = 5B510C3626F24D1000C21CDF /* AirKitTests.xctest */;
			productType = "com.apple.product-type.bundle.unit-test";
		};
/* End PBXNativeTarget section */

/* Begin PBXProject section */
		5B510BEE26F24AB200C21CDF /* Project object */ = {
			isa = PBXProject;
			attributes = {
				LastSwiftUpdateCheck = 1250;
				LastUpgradeCheck = 1250;
				ORGANIZATIONNAME = "Yurii Lysytsia";
				TargetAttributes = {
					5B510BF626F24AB200C21CDF = {
						CreatedOnToolsVersion = 12.5.1;
						LastSwiftMigration = 1250;
					};
					5B510C3526F24D1000C21CDF = {
						CreatedOnToolsVersion = 12.5.1;
						LastSwiftMigration = 1250;
					};
				};
			};
			buildConfigurationList = 5B510BF126F24AB200C21CDF /* Build configuration list for PBXProject "AirKit" */;
			compatibilityVersion = "Xcode 9.3";
			developmentRegion = en;
			hasScannedForEncodings = 0;
			knownRegions = (
				en,
				Base,
			);
			mainGroup = 5B510BED26F24AB200C21CDF;
			productRefGroup = 5B510BF826F24AB200C21CDF /* Products */;
			projectDirPath = "";
			projectRoot = "";
			targets = (
				5B510BF626F24AB200C21CDF /* AirKit */,
				5B510C3526F24D1000C21CDF /* AirKitTests */,
			);
		};
/* End PBXProject section */

/* Begin PBXResourcesBuildPhase section */
		5B510BF526F24AB200C21CDF /* Resources */ = {
			isa = PBXResourcesBuildPhase;
			buildActionMask = 2147483647;
			files = (
				5B9BAFD726F7881D00731991 /* README.md in Resources */,
				5B9BAFD926F7888E00731991 /* FEATURES.md in Resources */,
			);
			runOnlyForDeploymentPostprocessing = 0;
		};
		5B510C3426F24D1000C21CDF /* Resources */ = {
			isa = PBXResourcesBuildPhase;
			buildActionMask = 2147483647;
			files = (
			);
			runOnlyForDeploymentPostprocessing = 0;
		};
/* End PBXResourcesBuildPhase section */

/* Begin PBXShellScriptBuildPhase section */
		351EE97472B20166093ECF89 /* [CP] Check Pods Manifest.lock */ = {
			isa = PBXShellScriptBuildPhase;
			buildActionMask = 2147483647;
			files = (
			);
			inputFileListPaths = (
			);
			inputPaths = (
				"${PODS_PODFILE_DIR_PATH}/Podfile.lock",
				"${PODS_ROOT}/Manifest.lock",
			);
			name = "[CP] Check Pods Manifest.lock";
			outputFileListPaths = (
			);
			outputPaths = (
				"$(DERIVED_FILE_DIR)/Pods-AirKit-AirKitTests-checkManifestLockResult.txt",
			);
			runOnlyForDeploymentPostprocessing = 0;
			shellPath = /bin/sh;
			shellScript = "diff \"${PODS_PODFILE_DIR_PATH}/Podfile.lock\" \"${PODS_ROOT}/Manifest.lock\" > /dev/null\nif [ $? != 0 ] ; then\n    # print error to STDERR\n    echo \"error: The sandbox is not in sync with the Podfile.lock. Run 'pod install' or update your CocoaPods installation.\" >&2\n    exit 1\nfi\n# This output is used by Xcode 'outputs' to avoid re-running this script phase.\necho \"SUCCESS\" > \"${SCRIPT_OUTPUT_FILE_0}\"\n";
			showEnvVarsInLog = 0;
		};
		5BBB16B626F625FC0094B14C /* [SwiftLint] Run */ = {
			isa = PBXShellScriptBuildPhase;
			buildActionMask = 2147483647;
			files = (
			);
			inputFileListPaths = (
			);
			inputPaths = (
			);
			name = "[SwiftLint] Run";
			outputFileListPaths = (
			);
			outputPaths = (
			);
			runOnlyForDeploymentPostprocessing = 0;
			shellPath = /bin/sh;
			shellScript = "\"${PODS_ROOT}/SwiftLint/swiftlint\" --config \"${SRCROOT}/.swiftlint.yml\" --path \"${SRCROOT}/AirKit\"\n";
		};
		6E9C606A5A7213A480C4AF9C /* [CP] Embed Pods Frameworks */ = {
			isa = PBXShellScriptBuildPhase;
			buildActionMask = 2147483647;
			files = (
			);
			inputFileListPaths = (
				"${PODS_ROOT}/Target Support Files/Pods-AirKit-AirKitTests/Pods-AirKit-AirKitTests-frameworks-${CONFIGURATION}-input-files.xcfilelist",
			);
			name = "[CP] Embed Pods Frameworks";
			outputFileListPaths = (
				"${PODS_ROOT}/Target Support Files/Pods-AirKit-AirKitTests/Pods-AirKit-AirKitTests-frameworks-${CONFIGURATION}-output-files.xcfilelist",
			);
			runOnlyForDeploymentPostprocessing = 0;
			shellPath = /bin/sh;
			shellScript = "\"${PODS_ROOT}/Target Support Files/Pods-AirKit-AirKitTests/Pods-AirKit-AirKitTests-frameworks.sh\"\n";
			showEnvVarsInLog = 0;
		};
		8B36DBA515965C98FBEFE4AF /* [CP] Check Pods Manifest.lock */ = {
			isa = PBXShellScriptBuildPhase;
			buildActionMask = 2147483647;
			files = (
			);
			inputFileListPaths = (
			);
			inputPaths = (
				"${PODS_PODFILE_DIR_PATH}/Podfile.lock",
				"${PODS_ROOT}/Manifest.lock",
			);
			name = "[CP] Check Pods Manifest.lock";
			outputFileListPaths = (
			);
			outputPaths = (
				"$(DERIVED_FILE_DIR)/Pods-AirKit-checkManifestLockResult.txt",
			);
			runOnlyForDeploymentPostprocessing = 0;
			shellPath = /bin/sh;
			shellScript = "diff \"${PODS_PODFILE_DIR_PATH}/Podfile.lock\" \"${PODS_ROOT}/Manifest.lock\" > /dev/null\nif [ $? != 0 ] ; then\n    # print error to STDERR\n    echo \"error: The sandbox is not in sync with the Podfile.lock. Run 'pod install' or update your CocoaPods installation.\" >&2\n    exit 1\nfi\n# This output is used by Xcode 'outputs' to avoid re-running this script phase.\necho \"SUCCESS\" > \"${SCRIPT_OUTPUT_FILE_0}\"\n";
			showEnvVarsInLog = 0;
		};
/* End PBXShellScriptBuildPhase section */

/* Begin PBXSourcesBuildPhase section */
		5B510BF326F24AB200C21CDF /* Sources */ = {
			isa = PBXSourcesBuildPhase;
			buildActionMask = 2147483647;
			files = (
				5B9BAFD126F77DD300731991 /* StringProtocol+AirKit.swift in Sources */,
				5B9BAFD326F780E100731991 /* Bool+AirKit.swift in Sources */,
				5BBB16B426F6237F0094B14C /* NumberConvertible.swift in Sources */,
				5B9BAFCF26F77BC000731991 /* BinaryFloatingPoint+AirKit.swift in Sources */,
				5B9BAFCD26F77B1D00731991 /* BinaryInteger+AirKit.swift in Sources */,
			);
			runOnlyForDeploymentPostprocessing = 0;
		};
		5B510C3226F24D1000C21CDF /* Sources */ = {
			isa = PBXSourcesBuildPhase;
			buildActionMask = 2147483647;
			files = (
				5BBB16BD26F627500094B14C /* ConvertibleTests.swift in Sources */,
			);
			runOnlyForDeploymentPostprocessing = 0;
		};
/* End PBXSourcesBuildPhase section */

/* Begin PBXTargetDependency section */
		5B510C3D26F24D1000C21CDF /* PBXTargetDependency */ = {
			isa = PBXTargetDependency;
			platformFilter = ios;
			target = 5B510BF626F24AB200C21CDF /* AirKit */;
			targetProxy = 5B510C3C26F24D1000C21CDF /* PBXContainerItemProxy */;
		};
/* End PBXTargetDependency section */

/* Begin XCBuildConfiguration section */
		5B510BFD26F24AB200C21CDF /* Debug */ = {
			isa = XCBuildConfiguration;
			buildSettings = {
				ALWAYS_SEARCH_USER_PATHS = NO;
				CLANG_ANALYZER_NONNULL = YES;
				CLANG_ANALYZER_NUMBER_OBJECT_CONVERSION = YES_AGGRESSIVE;
				CLANG_CXX_LANGUAGE_STANDARD = "gnu++14";
				CLANG_CXX_LIBRARY = "libc++";
				CLANG_ENABLE_MODULES = YES;
				CLANG_ENABLE_OBJC_ARC = YES;
				CLANG_ENABLE_OBJC_WEAK = YES;
				CLANG_WARN_BLOCK_CAPTURE_AUTORELEASING = YES;
				CLANG_WARN_BOOL_CONVERSION = YES;
				CLANG_WARN_COMMA = YES;
				CLANG_WARN_CONSTANT_CONVERSION = YES;
				CLANG_WARN_DEPRECATED_OBJC_IMPLEMENTATIONS = YES;
				CLANG_WARN_DIRECT_OBJC_ISA_USAGE = YES_ERROR;
				CLANG_WARN_DOCUMENTATION_COMMENTS = YES;
				CLANG_WARN_EMPTY_BODY = YES;
				CLANG_WARN_ENUM_CONVERSION = YES;
				CLANG_WARN_INFINITE_RECURSION = YES;
				CLANG_WARN_INT_CONVERSION = YES;
				CLANG_WARN_NON_LITERAL_NULL_CONVERSION = YES;
				CLANG_WARN_OBJC_IMPLICIT_RETAIN_SELF = YES;
				CLANG_WARN_OBJC_LITERAL_CONVERSION = YES;
				CLANG_WARN_OBJC_ROOT_CLASS = YES_ERROR;
				CLANG_WARN_QUOTED_INCLUDE_IN_FRAMEWORK_HEADER = YES;
				CLANG_WARN_RANGE_LOOP_ANALYSIS = YES;
				CLANG_WARN_STRICT_PROTOTYPES = YES;
				CLANG_WARN_SUSPICIOUS_MOVE = YES;
				CLANG_WARN_UNGUARDED_AVAILABILITY = YES_AGGRESSIVE;
				CLANG_WARN_UNREACHABLE_CODE = YES;
				CLANG_WARN__DUPLICATE_METHOD_MATCH = YES;
				COPY_PHASE_STRIP = NO;
				CURRENT_PROJECT_VERSION = 1;
				DEBUG_INFORMATION_FORMAT = dwarf;
				ENABLE_STRICT_OBJC_MSGSEND = YES;
				ENABLE_TESTABILITY = YES;
				GCC_C_LANGUAGE_STANDARD = gnu11;
				GCC_DYNAMIC_NO_PIC = NO;
				GCC_NO_COMMON_BLOCKS = YES;
				GCC_OPTIMIZATION_LEVEL = 0;
				GCC_PREPROCESSOR_DEFINITIONS = (
					"DEBUG=1",
					"$(inherited)",
				);
				GCC_WARN_64_TO_32_BIT_CONVERSION = YES;
				GCC_WARN_ABOUT_RETURN_TYPE = YES_ERROR;
				GCC_WARN_UNDECLARED_SELECTOR = YES;
				GCC_WARN_UNINITIALIZED_AUTOS = YES_AGGRESSIVE;
				GCC_WARN_UNUSED_FUNCTION = YES;
				GCC_WARN_UNUSED_VARIABLE = YES;
				IPHONEOS_DEPLOYMENT_TARGET = 9.0;
				MTL_ENABLE_DEBUG_INFO = INCLUDE_SOURCE;
				MTL_FAST_MATH = YES;
				ONLY_ACTIVE_ARCH = YES;
				SDKROOT = iphoneos;
				SWIFT_ACTIVE_COMPILATION_CONDITIONS = DEBUG;
				SWIFT_OPTIMIZATION_LEVEL = "-Onone";
				VERSIONING_SYSTEM = "apple-generic";
				VERSION_INFO_PREFIX = "";
			};
			name = Debug;
		};
		5B510BFE26F24AB200C21CDF /* Release */ = {
			isa = XCBuildConfiguration;
			buildSettings = {
				ALWAYS_SEARCH_USER_PATHS = NO;
				CLANG_ANALYZER_NONNULL = YES;
				CLANG_ANALYZER_NUMBER_OBJECT_CONVERSION = YES_AGGRESSIVE;
				CLANG_CXX_LANGUAGE_STANDARD = "gnu++14";
				CLANG_CXX_LIBRARY = "libc++";
				CLANG_ENABLE_MODULES = YES;
				CLANG_ENABLE_OBJC_ARC = YES;
				CLANG_ENABLE_OBJC_WEAK = YES;
				CLANG_WARN_BLOCK_CAPTURE_AUTORELEASING = YES;
				CLANG_WARN_BOOL_CONVERSION = YES;
				CLANG_WARN_COMMA = YES;
				CLANG_WARN_CONSTANT_CONVERSION = YES;
				CLANG_WARN_DEPRECATED_OBJC_IMPLEMENTATIONS = YES;
				CLANG_WARN_DIRECT_OBJC_ISA_USAGE = YES_ERROR;
				CLANG_WARN_DOCUMENTATION_COMMENTS = YES;
				CLANG_WARN_EMPTY_BODY = YES;
				CLANG_WARN_ENUM_CONVERSION = YES;
				CLANG_WARN_INFINITE_RECURSION = YES;
				CLANG_WARN_INT_CONVERSION = YES;
				CLANG_WARN_NON_LITERAL_NULL_CONVERSION = YES;
				CLANG_WARN_OBJC_IMPLICIT_RETAIN_SELF = YES;
				CLANG_WARN_OBJC_LITERAL_CONVERSION = YES;
				CLANG_WARN_OBJC_ROOT_CLASS = YES_ERROR;
				CLANG_WARN_QUOTED_INCLUDE_IN_FRAMEWORK_HEADER = YES;
				CLANG_WARN_RANGE_LOOP_ANALYSIS = YES;
				CLANG_WARN_STRICT_PROTOTYPES = YES;
				CLANG_WARN_SUSPICIOUS_MOVE = YES;
				CLANG_WARN_UNGUARDED_AVAILABILITY = YES_AGGRESSIVE;
				CLANG_WARN_UNREACHABLE_CODE = YES;
				CLANG_WARN__DUPLICATE_METHOD_MATCH = YES;
				COPY_PHASE_STRIP = NO;
				CURRENT_PROJECT_VERSION = 1;
				DEBUG_INFORMATION_FORMAT = "dwarf-with-dsym";
				ENABLE_NS_ASSERTIONS = NO;
				ENABLE_STRICT_OBJC_MSGSEND = YES;
				GCC_C_LANGUAGE_STANDARD = gnu11;
				GCC_NO_COMMON_BLOCKS = YES;
				GCC_WARN_64_TO_32_BIT_CONVERSION = YES;
				GCC_WARN_ABOUT_RETURN_TYPE = YES_ERROR;
				GCC_WARN_UNDECLARED_SELECTOR = YES;
				GCC_WARN_UNINITIALIZED_AUTOS = YES_AGGRESSIVE;
				GCC_WARN_UNUSED_FUNCTION = YES;
				GCC_WARN_UNUSED_VARIABLE = YES;
				IPHONEOS_DEPLOYMENT_TARGET = 9.0;
				MTL_ENABLE_DEBUG_INFO = NO;
				MTL_FAST_MATH = YES;
				SDKROOT = iphoneos;
				SWIFT_COMPILATION_MODE = wholemodule;
				SWIFT_OPTIMIZATION_LEVEL = "-O";
				VALIDATE_PRODUCT = YES;
				VERSIONING_SYSTEM = "apple-generic";
				VERSION_INFO_PREFIX = "";
			};
			name = Release;
		};
		5B510C0026F24AB200C21CDF /* Debug */ = {
			isa = XCBuildConfiguration;
			baseConfigurationReference = B38215B199B3343854B53902 /* Pods-AirKit.debug.xcconfig */;
			buildSettings = {
				CLANG_ENABLE_MODULES = YES;
				CODE_SIGN_STYLE = Automatic;
				DEFINES_MODULE = YES;
				DYLIB_COMPATIBILITY_VERSION = 1;
				DYLIB_CURRENT_VERSION = 1;
				DYLIB_INSTALL_NAME_BASE = "@rpath";
				INFOPLIST_FILE = AirKit/Info.plist;
				INSTALL_PATH = "$(LOCAL_LIBRARY_DIR)/Frameworks";
				IPHONEOS_DEPLOYMENT_TARGET = 9.0;
				LD_RUNPATH_SEARCH_PATHS = (
					"$(inherited)",
					"@executable_path/Frameworks",
					"@loader_path/Frameworks",
				);
				MARKETING_VERSION = 0.1.0;
				PRODUCT_BUNDLE_IDENTIFIER = dev.lysytsia.air.kit;
				PRODUCT_NAME = "$(TARGET_NAME:c99extidentifier)";
				SKIP_INSTALL = YES;
				SUPPORTS_MACCATALYST = NO;
				SWIFT_OPTIMIZATION_LEVEL = "-Onone";
				SWIFT_VERSION = 5.0;
				TARGETED_DEVICE_FAMILY = "1,2";
			};
			name = Debug;
		};
		5B510C0126F24AB200C21CDF /* Release */ = {
			isa = XCBuildConfiguration;
			baseConfigurationReference = 75FFCBD7E17A593605B4966B /* Pods-AirKit.release.xcconfig */;
			buildSettings = {
				CLANG_ENABLE_MODULES = YES;
				CODE_SIGN_STYLE = Automatic;
				DEFINES_MODULE = YES;
				DYLIB_COMPATIBILITY_VERSION = 1;
				DYLIB_CURRENT_VERSION = 1;
				DYLIB_INSTALL_NAME_BASE = "@rpath";
				INFOPLIST_FILE = AirKit/Info.plist;
				INSTALL_PATH = "$(LOCAL_LIBRARY_DIR)/Frameworks";
				IPHONEOS_DEPLOYMENT_TARGET = 9.0;
				LD_RUNPATH_SEARCH_PATHS = (
					"$(inherited)",
					"@executable_path/Frameworks",
					"@loader_path/Frameworks",
				);
				MARKETING_VERSION = 0.1.0;
				PRODUCT_BUNDLE_IDENTIFIER = dev.lysytsia.air.kit;
				PRODUCT_NAME = "$(TARGET_NAME:c99extidentifier)";
				SKIP_INSTALL = YES;
				SUPPORTS_MACCATALYST = NO;
				SWIFT_VERSION = 5.0;
				TARGETED_DEVICE_FAMILY = "1,2";
			};
			name = Release;
		};
		5B510C3F26F24D1000C21CDF /* Debug */ = {
			isa = XCBuildConfiguration;
			baseConfigurationReference = 564726D0B2BCFA15FE767401 /* Pods-AirKit-AirKitTests.debug.xcconfig */;
			buildSettings = {
				ALWAYS_EMBED_SWIFT_STANDARD_LIBRARIES = "$(inherited)";
				CLANG_ENABLE_MODULES = YES;
				CODE_SIGN_STYLE = Automatic;
				INFOPLIST_FILE = AirKitTests/Info.plist;
				LD_RUNPATH_SEARCH_PATHS = (
					"$(inherited)",
					"@executable_path/Frameworks",
					"@loader_path/Frameworks",
				);
				PRODUCT_BUNDLE_IDENTIFIER = dev.lysytsia.AirKitTests;
				PRODUCT_NAME = "$(TARGET_NAME)";
				SWIFT_OPTIMIZATION_LEVEL = "-Onone";
				SWIFT_VERSION = 5.0;
				TARGETED_DEVICE_FAMILY = "1,2";
			};
			name = Debug;
		};
		5B510C4026F24D1000C21CDF /* Release */ = {
			isa = XCBuildConfiguration;
			baseConfigurationReference = 88AACB6A23D4B0F12C0B1DB5 /* Pods-AirKit-AirKitTests.release.xcconfig */;
			buildSettings = {
				ALWAYS_EMBED_SWIFT_STANDARD_LIBRARIES = "$(inherited)";
				CLANG_ENABLE_MODULES = YES;
				CODE_SIGN_STYLE = Automatic;
				INFOPLIST_FILE = AirKitTests/Info.plist;
				LD_RUNPATH_SEARCH_PATHS = (
					"$(inherited)",
					"@executable_path/Frameworks",
					"@loader_path/Frameworks",
				);
				PRODUCT_BUNDLE_IDENTIFIER = dev.lysytsia.AirKitTests;
				PRODUCT_NAME = "$(TARGET_NAME)";
				SWIFT_VERSION = 5.0;
				TARGETED_DEVICE_FAMILY = "1,2";
			};
			name = Release;
		};
/* End XCBuildConfiguration section */

/* Begin XCConfigurationList section */
		5B510BF126F24AB200C21CDF /* Build configuration list for PBXProject "AirKit" */ = {
			isa = XCConfigurationList;
			buildConfigurations = (
				5B510BFD26F24AB200C21CDF /* Debug */,
				5B510BFE26F24AB200C21CDF /* Release */,
			);
			defaultConfigurationIsVisible = 0;
			defaultConfigurationName = Release;
		};
		5B510BFF26F24AB200C21CDF /* Build configuration list for PBXNativeTarget "AirKit" */ = {
			isa = XCConfigurationList;
			buildConfigurations = (
				5B510C0026F24AB200C21CDF /* Debug */,
				5B510C0126F24AB200C21CDF /* Release */,
			);
			defaultConfigurationIsVisible = 0;
			defaultConfigurationName = Release;
		};
		5B510C3E26F24D1000C21CDF /* Build configuration list for PBXNativeTarget "AirKitTests" */ = {
			isa = XCConfigurationList;
			buildConfigurations = (
				5B510C3F26F24D1000C21CDF /* Debug */,
				5B510C4026F24D1000C21CDF /* Release */,
			);
			defaultConfigurationIsVisible = 0;
			defaultConfigurationName = Release;
		};
/* End XCConfigurationList section */
	};
	rootObject = 5B510BEE26F24AB200C21CDF /* Project object */;
}
